
Microsoft Visual Studio Solution File, Format Version 12.00
# Visual Studio 15
VisualStudioVersion = 15.0.27130.2027
MinimumVisualStudioVersion = 10.0.40219.1
Project("{FAE04EC0-301F-11D3-BF4B-00C04F79EFBC}") = "SaveTheHumans2", "SaveTheHumans2\SaveTheHumans2.csproj", "{CE8104C3-7478-4C0B-9167-0CFB495DE74A}"
EndProject
Global
	GlobalSection(SolutionConfigurationPlatforms) = preSolution
		Debug|Any CPU = Debug|Any CPU
		Release|Any CPU = Release|Any CPU
	EndGlobalSection
	GlobalSection(ProjectConfigurationPlatforms) = postSolution
		{CE8104C3-7478-4C0B-9167-0CFB495DE74A}.Debug|Any CPU.ActiveCfg = Debug|Any CPU
		{CE8104C3-7478-4C0B-9167-0CFB495DE74A}.Debug|Any CPU.Build.0 = Debug|Any CPU
		{CE8104C3-7478-4C0B-9167-0CFB495DE74A}.Release|Any CPU.ActiveCfg = Release|Any CPU
		{CE8104C3-7478-4C0B-9167-0CFB495DE74A}.Release|Any CPU.Build.0 = Release|Any CPU
	EndGlobalSection
	GlobalSection(SolutionProperties) = preSolution
		HideSolutionNode = FALSE
	EndGlobalSection
	GlobalSection(ExtensibilityGlobals) = postSolution
		SolutionGuid = {3B08C53C-E200-4112-9BB1-05E94B77E229}
	EndGlobalSection
EndGlobal
